# @generated by Move, please check-in and do not edit manually.

[move]
version = 1
manifest_digest = "24B0736FDF137898506F036355120F1D37F9E66CD81E764CABDD1A4A70BCAC10"
deps_digest = "F8BBB0CCB2491CA29A3DF03D6F92277A4F3574266507ACD77214D37ECA3F3082"
dependencies = [
  { name = "Sui" },
]

[[move.package]]
name = "MoveStdlib"
source = { git = "https://github.com/MystenLabs/sui.git", rev = "framework/devnet", subdir = "crates/sui-framework/packages/move-stdlib" }

[[move.package]]
name = "Sui"
source = { git = "https://github.com/MystenLabs/sui.git", rev = "framework/devnet", subdir = "crates/sui-framework/packages/sui-framework" }

dependencies = [
  { name = "MoveStdlib" },
]

[move.toolchain-version]
compiler-version = "1.24.0"
edition = "2024.beta"
flavor = "sui"

[env]

[env.devnet]
chain-id = "69a65b6d"
original-published-id = "0x0088c084c17d08974f8eb7872df57ae28ef1c5513433a351cd2a91cecf3f7cda"
latest-published-id = "0x0088c084c17d08974f8eb7872df57ae28ef1c5513433a351cd2a91cecf3f7cda"
published-version = "1"
